<Solution>
  <Configurations>
    <Platform Name="x64" />
    <Platform Name="x86" />
  </Configurations>
  <Project Path="Task38(main)/Task38(main).vcxproj" Id="d5ef3278-f20f-4a2e-aacb-960e3b1a9262" />
  <Project Path="Task38(main)_2/Task38(main)_2.vcxproj" Id="4d2bb81d-3d03-4959-90fa-68a04d8252b4" />
</Solution>
